
Microsoft Visual Studio Solution File, Format Version 12.00
# Visual Studio 15
VisualStudioVersion = 15.0.26430.12
MinimumVisualStudioVersion = 10.0.40219.1
Project("{FAE04EC0-301F-11D3-BF4B-00C04F79EFBC}") = "TestRepo", "TestRepo\TestRepo.csproj", "{C7D03D85-95CE-4592-A4EA-E75C8BC09BBA}"
EndProject
Global
	GlobalSection(SolutionConfigurationPlatforms) = preSolution
		Debug|Any CPU = Debug|Any CPU
		Release|Any CPU = Release|Any CPU
	EndGlobalSection
	GlobalSection(ProjectConfigurationPlatforms) = postSolution
		{C7D03D85-95CE-4592-A4EA-E75C8BC09BBA}.Debug|Any CPU.ActiveCfg = Debug|Any CPU
		{C7D03D85-95CE-4592-A4EA-E75C8BC09BBA}.Debug|Any CPU.Build.0 = Debug|Any CPU
		{C7D03D85-95CE-4592-A4EA-E75C8BC09BBA}.Release|Any CPU.ActiveCfg = Release|Any CPU
		{C7D03D85-95CE-4592-A4EA-E75C8BC09BBA}.Release|Any CPU.Build.0 = Release|Any CPU
	EndGlobalSection
	GlobalSection(SolutionProperties) = preSolution
		HideSolutionNode = FALSE
	EndGlobalSection
EndGlobal
